
Microsoft Visual Studio Solution File, Format Version 12.00
# Visual Studio Version 17
VisualStudioVersion = 17.14.36401.2 d17.14
MinimumVisualStudioVersion = 10.0.40219.1
Project("{FAE04EC0-301F-11D3-BF4B-00C04F79EFBC}") = "Repositories", "Repositories\Repositories.csproj", "{E717433E-1C7D-422B-AA0D-EED0F6366932}"
EndProject
Project("{FAE04EC0-301F-11D3-BF4B-00C04F79EFBC}") = "Services", "Services\Services.csproj", "{CE585C28-4351-4212-92A8-704BE38BB403}"
EndProject
Project("{FAE04EC0-301F-11D3-BF4B-00C04F79EFBC}") = "WebApi", "WebApi\WebApi.csproj", "{E57F59B2-50AB-41D5-8A9F-A396CD70B23A}"
EndProject
Global
	GlobalSection(SolutionConfigurationPlatforms) = preSolution
		Debug|Any CPU = Debug|Any CPU
		Release|Any CPU = Release|Any CPU
	EndGlobalSection
	GlobalSection(ProjectConfigurationPlatforms) = postSolution
		{E717433E-1C7D-422B-AA0D-EED0F6366932}.Debug|Any CPU.ActiveCfg = Debug|Any CPU
		{E717433E-1C7D-422B-AA0D-EED0F6366932}.Debug|Any CPU.Build.0 = Debug|Any CPU
		{E717433E-1C7D-422B-AA0D-EED0F6366932}.Release|Any CPU.ActiveCfg = Release|Any CPU
		{E717433E-1C7D-422B-AA0D-EED0F6366932}.Release|Any CPU.Build.0 = Release|Any CPU
		{CE585C28-4351-4212-92A8-704BE38BB403}.Debug|Any CPU.ActiveCfg = Debug|Any CPU
		{CE585C28-4351-4212-92A8-704BE38BB403}.Debug|Any CPU.Build.0 = Debug|Any CPU
		{CE585C28-4351-4212-92A8-704BE38BB403}.Release|Any CPU.ActiveCfg = Release|Any CPU
		{CE585C28-4351-4212-92A8-704BE38BB403}.Release|Any CPU.Build.0 = Release|Any CPU
		{E57F59B2-50AB-41D5-8A9F-A396CD70B23A}.Debug|Any CPU.ActiveCfg = Debug|Any CPU
		{E57F59B2-50AB-41D5-8A9F-A396CD70B23A}.Debug|Any CPU.Build.0 = Debug|Any CPU
		{E57F59B2-50AB-41D5-8A9F-A396CD70B23A}.Release|Any CPU.ActiveCfg = Release|Any CPU
		{E57F59B2-50AB-41D5-8A9F-A396CD70B23A}.Release|Any CPU.Build.0 = Release|Any CPU
	EndGlobalSection
	GlobalSection(SolutionProperties) = preSolution
		HideSolutionNode = FALSE
	EndGlobalSection
	GlobalSection(ExtensibilityGlobals) = postSolution
		SolutionGuid = {C6382E36-F47C-4F96-9312-87E0F759B61E}
	EndGlobalSection
EndGlobal
